
Microsoft Visual Studio Solution File, Format Version 12.00
# Visual Studio 15
VisualStudioVersion = 15.0.26124.0
MinimumVisualStudioVersion = 15.0.26124.0
Project("{FAE04EC0-301F-11D3-BF4B-00C04F79EFBC}") = "API", "API\API.csproj", "{38A8FCF7-4CCF-4062-A4EA-D4C61EBF698B}"
EndProject
Project("{FAE04EC0-301F-11D3-BF4B-00C04F79EFBC}") = "Core", "Core\Core.csproj", "{613812F9-1835-487E-AEBA-3DEC9FB9704A}"
EndProject
Project("{FAE04EC0-301F-11D3-BF4B-00C04F79EFBC}") = "Infrastructure", "Infrastructure\Infrastructure.csproj", "{9BE63A83-3B15-447E-BFE6-5BA4344668BA}"
EndProject
Global
	GlobalSection(SolutionConfigurationPlatforms) = preSolution
		Debug|Any CPU = Debug|Any CPU
		Debug|x64 = Debug|x64
		Debug|x86 = Debug|x86
		Release|Any CPU = Release|Any CPU
		Release|x64 = Release|x64
		Release|x86 = Release|x86
	EndGlobalSection
	GlobalSection(SolutionProperties) = preSolution
		HideSolutionNode = FALSE
	EndGlobalSection
	GlobalSection(ProjectConfigurationPlatforms) = postSolution
		{38A8FCF7-4CCF-4062-A4EA-D4C61EBF698B}.Debug|Any CPU.ActiveCfg = Debug|Any CPU
		{38A8FCF7-4CCF-4062-A4EA-D4C61EBF698B}.Debug|Any CPU.Build.0 = Debug|Any CPU
		{38A8FCF7-4CCF-4062-A4EA-D4C61EBF698B}.Debug|x64.ActiveCfg = Debug|Any CPU
		{38A8FCF7-4CCF-4062-A4EA-D4C61EBF698B}.Debug|x64.Build.0 = Debug|Any CPU
		{38A8FCF7-4CCF-4062-A4EA-D4C61EBF698B}.Debug|x86.ActiveCfg = Debug|Any CPU
		{38A8FCF7-4CCF-4062-A4EA-D4C61EBF698B}.Debug|x86.Build.0 = Debug|Any CPU
		{38A8FCF7-4CCF-4062-A4EA-D4C61EBF698B}.Release|Any CPU.ActiveCfg = Release|Any CPU
		{38A8FCF7-4CCF-4062-A4EA-D4C61EBF698B}.Release|Any CPU.Build.0 = Release|Any CPU
		{38A8FCF7-4CCF-4062-A4EA-D4C61EBF698B}.Release|x64.ActiveCfg = Release|Any CPU
		{38A8FCF7-4CCF-4062-A4EA-D4C61EBF698B}.Release|x64.Build.0 = Release|Any CPU
		{38A8FCF7-4CCF-4062-A4EA-D4C61EBF698B}.Release|x86.ActiveCfg = Release|Any CPU
		{38A8FCF7-4CCF-4062-A4EA-D4C61EBF698B}.Release|x86.Build.0 = Release|Any CPU
		{613812F9-1835-487E-AEBA-3DEC9FB9704A}.Debug|Any CPU.ActiveCfg = Debug|Any CPU
		{613812F9-1835-487E-AEBA-3DEC9FB9704A}.Debug|Any CPU.Build.0 = Debug|Any CPU
		{613812F9-1835-487E-AEBA-3DEC9FB9704A}.Debug|x64.ActiveCfg = Debug|Any CPU
		{613812F9-1835-487E-AEBA-3DEC9FB9704A}.Debug|x64.Build.0 = Debug|Any CPU
		{613812F9-1835-487E-AEBA-3DEC9FB9704A}.Debug|x86.ActiveCfg = Debug|Any CPU
		{613812F9-1835-487E-AEBA-3DEC9FB9704A}.Debug|x86.Build.0 = Debug|Any CPU
		{613812F9-1835-487E-AEBA-3DEC9FB9704A}.Release|Any CPU.ActiveCfg = Release|Any CPU
		{613812F9-1835-487E-AEBA-3DEC9FB9704A}.Release|Any CPU.Build.0 = Release|Any CPU
		{613812F9-1835-487E-AEBA-3DEC9FB9704A}.Release|x64.ActiveCfg = Release|Any CPU
		{613812F9-1835-487E-AEBA-3DEC9FB9704A}.Release|x64.Build.0 = Release|Any CPU
		{613812F9-1835-487E-AEBA-3DEC9FB9704A}.Release|x86.ActiveCfg = Release|Any CPU
		{613812F9-1835-487E-AEBA-3DEC9FB9704A}.Release|x86.Build.0 = Release|Any CPU
		{9BE63A83-3B15-447E-BFE6-5BA4344668BA}.Debug|Any CPU.ActiveCfg = Debug|Any CPU
		{9BE63A83-3B15-447E-BFE6-5BA4344668BA}.Debug|Any CPU.Build.0 = Debug|Any CPU
		{9BE63A83-3B15-447E-BFE6-5BA4344668BA}.Debug|x64.ActiveCfg = Debug|Any CPU
		{9BE63A83-3B15-447E-BFE6-5BA4344668BA}.Debug|x64.Build.0 = Debug|Any CPU
		{9BE63A83-3B15-447E-BFE6-5BA4344668BA}.Debug|x86.ActiveCfg = Debug|Any CPU
		{9BE63A83-3B15-447E-BFE6-5BA4344668BA}.Debug|x86.Build.0 = Debug|Any CPU
		{9BE63A83-3B15-447E-BFE6-5BA4344668BA}.Release|Any CPU.ActiveCfg = Release|Any CPU
		{9BE63A83-3B15-447E-BFE6-5BA4344668BA}.Release|Any CPU.Build.0 = Release|Any CPU
		{9BE63A83-3B15-447E-BFE6-5BA4344668BA}.Release|x64.ActiveCfg = Release|Any CPU
		{9BE63A83-3B15-447E-BFE6-5BA4344668BA}.Release|x64.Build.0 = Release|Any CPU
		{9BE63A83-3B15-447E-BFE6-5BA4344668BA}.Release|x86.ActiveCfg = Release|Any CPU
		{9BE63A83-3B15-447E-BFE6-5BA4344668BA}.Release|x86.Build.0 = Release|Any CPU
	EndGlobalSection
EndGlobal
